// !$*UTF8*$!
{
	archiveVersion = 1;
	classes = {
	};
	objectVersion = 46;
	objects = {

/* Begin PBXBuildFile section */
		2B386C4F1DEF5A3A00B8B389 /* main.cpp in Sources */ = {isa = PBXBuildFile; fileRef = 2B386C4D1DEF5A3A00B8B389 /* main.cpp */; };
		2BC8E74E1DEDCE1800795202 /* libopencv_core.3.1.0.dylib in Frameworks */ = {isa = PBXBuildFile; fileRef = 2BC8E74D1DEDCE1800795202 /* libopencv_core.3.1.0.dylib */; };
		2BC8E7501DEDCE4D00795202 /* libopencv_highgui.3.1.0.dylib in Frameworks */ = {isa = PBXBuildFile; fileRef = 2BC8E74F1DEDCE4D00795202 /* libopencv_highgui.3.1.0.dylib */; };
		2BC8E7521DEDCE8800795202 /* libopencv_imgproc.3.1.0.dylib in Frameworks */ = {isa = PBXBuildFile; fileRef = 2BC8E7511DEDCE8800795202 /* libopencv_imgproc.3.1.0.dylib */; };
		2BC8E7541DEDCEC400795202 /* libopencv_imgcodecs.3.1.0.dylib in Frameworks */ = {isa = PBXBuildFile; fileRef = 2BC8E7531DEDCEC400795202 /* libopencv_imgcodecs.3.1.0.dylib */; };
/* End PBXBuildFile section */

/* Begin PBXCopyFilesBuildPhase section */
		2BB023621DE6F222005BE0F4 /* CopyFiles */ = {
			isa = PBXCopyFilesBuildPhase;
			buildActionMask = 2147483647;
			dstPath = /usr/share/man/man1/;
			dstSubfolderSpec = 0;
			files = (
			);
			runOnlyForDeploymentPostprocessing = 1;
		};
/* End PBXCopyFilesBuildPhase section */

/* Begin PBXFileReference section */
		2B386C4D1DEF5A3A00B8B389 /* main.cpp */ = {isa = PBXFileReference; fileEncoding = 4; lastKnownFileType = sourcecode.cpp.cpp; path = main.cpp; sourceTree = "<group>"; };
		2BB023641DE6F223005BE0F4 /* homework_2 */ = {isa = PBXFileReference; explicitFileType = "compiled.mach-o.executable"; includeInIndex = 0; name = homework_2; path = /Users/uralfrkn/work/homework_2/build/Debug/homework_2; sourceTree = "<absolute>"; };
		2BC8E74D1DEDCE1800795202 /* libopencv_core.3.1.0.dylib */ = {isa = PBXFileReference; lastKnownFileType = "compiled.mach-o.dylib"; name = libopencv_core.3.1.0.dylib; path = "../../../../usr/local/Cellar/opencv3/HEAD-2c03c8d_4/lib/libopencv_core.3.1.0.dylib"; sourceTree = "<group>"; };
		2BC8E74F1DEDCE4D00795202 /* libopencv_highgui.3.1.0.dylib */ = {isa = PBXFileReference; lastKnownFileType = "compiled.mach-o.dylib"; name = libopencv_highgui.3.1.0.dylib; path = "../../../../usr/local/Cellar/opencv3/HEAD-2c03c8d_4/lib/libopencv_highgui.3.1.0.dylib"; sourceTree = "<group>"; };
		2BC8E7511DEDCE8800795202 /* libopencv_imgproc.3.1.0.dylib */ = {isa = PBXFileReference; lastKnownFileType = "compiled.mach-o.dylib"; name = libopencv_imgproc.3.1.0.dylib; path = "../../../../usr/local/Cellar/opencv3/HEAD-2c03c8d_4/lib/libopencv_imgproc.3.1.0.dylib"; sourceTree = "<group>"; };
		2BC8E7531DEDCEC400795202 /* libopencv_imgcodecs.3.1.0.dylib */ = {isa = PBXFileReference; lastKnownFileType = "compiled.mach-o.dylib"; name = libopencv_imgcodecs.3.1.0.dylib; path = "../../../../usr/local/Cellar/opencv3/HEAD-2c03c8d_4/lib/libopencv_imgcodecs.3.1.0.dylib"; sourceTree = "<group>"; };
/* End PBXFileReference section */

/* Begin PBXFrameworksBuildPhase section */
		2BB023611DE6F222005BE0F4 /* Frameworks */ = {
			isa = PBXFrameworksBuildPhase;
			buildActionMask = 2147483647;
			files = (
				2BC8E74E1DEDCE1800795202 /* libopencv_core.3.1.0.dylib in Frameworks */,
				2BC8E7501DEDCE4D00795202 /* libopencv_highgui.3.1.0.dylib in Frameworks */,
				2BC8E7541DEDCEC400795202 /* libopencv_imgcodecs.3.1.0.dylib in Frameworks */,
				2BC8E7521DEDCE8800795202 /* libopencv_imgproc.3.1.0.dylib in Frameworks */,
			);
			runOnlyForDeploymentPostprocessing = 0;
		};
/* End PBXFrameworksBuildPhase section */

/* Begin PBXGroup section */
		2BB0235B1DE6F222005BE0F4 = {
			isa = PBXGroup;
			children = (
				2BC8E7531DEDCEC400795202 /* libopencv_imgcodecs.3.1.0.dylib */,
				2BC8E7511DEDCE8800795202 /* libopencv_imgproc.3.1.0.dylib */,
				2BC8E74F1DEDCE4D00795202 /* libopencv_highgui.3.1.0.dylib */,
				2BC8E74D1DEDCE1800795202 /* libopencv_core.3.1.0.dylib */,
				2BB023661DE6F223005BE0F4 /* homework_2 */,
			);
			sourceTree = "<group>";
		};
		2BB023661DE6F223005BE0F4 /* homework_2 */ = {
			isa = PBXGroup;
			children = (
				2B386C4D1DEF5A3A00B8B389 /* main.cpp */,
			);
			path = homework_2;
			sourceTree = "<group>";
		};
/* End PBXGroup section */

/* Begin PBXNativeTarget section */
		2BB023631DE6F222005BE0F4 /* homework_2 */ = {
			isa = PBXNativeTarget;
			buildConfigurationList = 2BB0236B1DE6F223005BE0F4 /* Build configuration list for PBXNativeTarget "homework_2" */;
			buildPhases = (
				2BB023601DE6F222005BE0F4 /* Sources */,
				2BB023611DE6F222005BE0F4 /* Frameworks */,
				2BB023621DE6F222005BE0F4 /* CopyFiles */,
			);
			buildRules = (
			);
			dependencies = (
			);
			name = homework_2;
			productName = homework_2;
			productReference = 2BB023641DE6F223005BE0F4 /* homework_2 */;
			productType = "com.apple.product-type.tool";
		};
/* End PBXNativeTarget section */

/* Begin PBXProject section */
		2BB0235C1DE6F222005BE0F4 /* Project object */ = {
			isa = PBXProject;
			attributes = {
				LastUpgradeCheck = 0810;
				ORGANIZATIONNAME = "Furkan Ural";
				TargetAttributes = {
					2BB023631DE6F222005BE0F4 = {
						CreatedOnToolsVersion = 8.1;
						ProvisioningStyle = Automatic;
					};
				};
			};
			buildConfigurationList = 2BB0235F1DE6F222005BE0F4 /* Build configuration list for PBXProject "homework_2" */;
			compatibilityVersion = "Xcode 3.2";
			developmentRegion = English;
			hasScannedForEncodings = 0;
			knownRegions = (
				en,
			);
			mainGroup = 2BB0235B1DE6F222005BE0F4;
			productRefGroup = 2BB0235B1DE6F222005BE0F4;
			projectDirPath = "";
			projectRoot = "";
			targets = (
				2BB023631DE6F222005BE0F4 /* homework_2 */,
			);
		};
/* End PBXProject section */

/* Begin PBXSourcesBuildPhase section */
		2BB023601DE6F222005BE0F4 /* Sources */ = {
			isa = PBXSourcesBuildPhase;
			buildActionMask = 2147483647;
			files = (
				2B386C4F1DEF5A3A00B8B389 /* main.cpp in Sources */,
			);
			runOnlyForDeploymentPostprocessing = 0;
		};
/* End PBXSourcesBuildPhase section */

/* Begin XCBuildConfiguration section */
		2BB023691DE6F223005BE0F4 /* Debug */ = {
			isa = XCBuildConfiguration;
			buildSettings = {
				ALWAYS_SEARCH_USER_PATHS = NO;
				CLANG_ANALYZER_NONNULL = YES;
				CLANG_CXX_LANGUAGE_STANDARD = "gnu++0x";
				CLANG_CXX_LIBRARY = "libc++";
				CLANG_ENABLE_MODULES = YES;
				CLANG_ENABLE_OBJC_ARC = YES;
				CLANG_WARN_BOOL_CONVERSION = YES;
				CLANG_WARN_CONSTANT_CONVERSION = YES;
				CLANG_WARN_DIRECT_OBJC_ISA_USAGE = YES_ERROR;
				CLANG_WARN_DOCUMENTATION_COMMENTS = YES;
				CLANG_WARN_EMPTY_BODY = YES;
				CLANG_WARN_ENUM_CONVERSION = YES;
				CLANG_WARN_INFINITE_RECURSION = YES;
				CLANG_WARN_INT_CONVERSION = YES;
				CLANG_WARN_OBJC_ROOT_CLASS = YES_ERROR;
				CLANG_WARN_SUSPICIOUS_MOVES = YES;
				CLANG_WARN_UNREACHABLE_CODE = YES;
				CLANG_WARN__DUPLICATE_METHOD_MATCH = YES;
				CODE_SIGN_IDENTITY = "-";
				COPY_PHASE_STRIP = NO;
				DEBUG_INFORMATION_FORMAT = dwarf;
				ENABLE_STRICT_OBJC_MSGSEND = YES;
				ENABLE_TESTABILITY = YES;
				GCC_C_LANGUAGE_STANDARD = gnu99;
				GCC_DYNAMIC_NO_PIC = NO;
				GCC_NO_COMMON_BLOCKS = YES;
				GCC_OPTIMIZATION_LEVEL = 0;
				GCC_PREPROCESSOR_DEFINITIONS = (
					"DEBUG=1",
					"$(inherited)",
				);
				GCC_WARN_64_TO_32_BIT_CONVERSION = YES;
				GCC_WARN_ABOUT_RETURN_TYPE = YES_ERROR;
				GCC_WARN_UNDECLARED_SELECTOR = YES;
				GCC_WARN_UNINITIALIZED_AUTOS = YES_AGGRESSIVE;
				GCC_WARN_UNUSED_FUNCTION = YES;
				GCC_WARN_UNUSED_VARIABLE = YES;
				MACOSX_DEPLOYMENT_TARGET = 10.12;
				MTL_ENABLE_DEBUG_INFO = YES;
				ONLY_ACTIVE_ARCH = YES;
				SDKROOT = macosx;
			};
			name = Debug;
		};
		2BB0236A1DE6F223005BE0F4 /* Release */ = {
			isa = XCBuildConfiguration;
			buildSettings = {
				ALWAYS_SEARCH_USER_PATHS = NO;
				CLANG_ANALYZER_NONNULL = YES;
				CLANG_CXX_LANGUAGE_STANDARD = "gnu++0x";
				CLANG_CXX_LIBRARY = "libc++";
				CLANG_ENABLE_MODULES = YES;
				CLANG_ENABLE_OBJC_ARC = YES;
				CLANG_WARN_BOOL_CONVERSION = YES;
				CLANG_WARN_CONSTANT_CONVERSION = YES;
				CLANG_WARN_DIRECT_OBJC_ISA_USAGE = YES_ERROR;
				CLANG_WARN_DOCUMENTATION_COMMENTS = YES;
				CLANG_WARN_EMPTY_BODY = YES;
				CLANG_WARN_ENUM_CONVERSION = YES;
				CLANG_WARN_INFINITE_RECURSION = YES;
				CLANG_WARN_INT_CONVERSION = YES;
				CLANG_WARN_OBJC_ROOT_CLASS = YES_ERROR;
				CLANG_WARN_SUSPICIOUS_MOVES = YES;
				CLANG_WARN_UNREACHABLE_CODE = YES;
				CLANG_WARN__DUPLICATE_METHOD_MATCH = YES;
				CODE_SIGN_IDENTITY = "-";
				COPY_PHASE_STRIP = NO;
				DEBUG_INFORMATION_FORMAT = "dwarf-with-dsym";
				ENABLE_NS_ASSERTIONS = NO;
				ENABLE_STRICT_OBJC_MSGSEND = YES;
				GCC_C_LANGUAGE_STANDARD = gnu99;
				GCC_NO_COMMON_BLOCKS = YES;
				GCC_WARN_64_TO_32_BIT_CONVERSION = YES;
				GCC_WARN_ABOUT_RETURN_TYPE = YES_ERROR;
				GCC_WARN_UNDECLARED_SELECTOR = YES;
				GCC_WARN_UNINITIALIZED_AUTOS = YES_AGGRESSIVE;
				GCC_WARN_UNUSED_FUNCTION = YES;
				GCC_WARN_UNUSED_VARIABLE = YES;
				MACOSX_DEPLOYMENT_TARGET = 10.12;
				MTL_ENABLE_DEBUG_INFO = NO;
				SDKROOT = macosx;
			};
			name = Release;
		};
		2BB0236C1DE6F223005BE0F4 /* Debug */ = {
			isa = XCBuildConfiguration;
			buildSettings = {
				HEADER_SEARCH_PATHS = "/usr/local/Cellar/opencv3/**";
				LIBRARY_SEARCH_PATHS = (
					"/usr/local/Cellar/opencv3/**",
					"/usr/local/Cellar/opencv3/HEAD-e04eb8c_4/lib",
					"/usr/local/Cellar/opencv3/HEAD-2c03c8d_4/lib",
				);
				OTHER_LDFLAGS = "";
				PRODUCT_NAME = "$(TARGET_NAME)";
			};
			name = Debug;
		};
		2BB0236D1DE6F223005BE0F4 /* Release */ = {
			isa = XCBuildConfiguration;
			buildSettings = {
				HEADER_SEARCH_PATHS = "/usr/local/Cellar/opencv3/**";
				LIBRARY_SEARCH_PATHS = (
					"/usr/local/Cellar/opencv3/**",
					"/usr/local/Cellar/opencv3/HEAD-e04eb8c_4/lib",
					"/usr/local/Cellar/opencv3/HEAD-2c03c8d_4/lib",
				);
				OTHER_LDFLAGS = "";
				PRODUCT_NAME = "$(TARGET_NAME)";
			};
			name = Release;
		};
/* End XCBuildConfiguration section */

/* Begin XCConfigurationList section */
		2BB0235F1DE6F222005BE0F4 /* Build configuration list for PBXProject "homework_2" */ = {
			isa = XCConfigurationList;
			buildConfigurations = (
				2BB023691DE6F223005BE0F4 /* Debug */,
				2BB0236A1DE6F223005BE0F4 /* Release */,
			);
			defaultConfigurationIsVisible = 0;
			defaultConfigurationName = Release;
		};
		2BB0236B1DE6F223005BE0F4 /* Build configuration list for PBXNativeTarget "homework_2" */ = {
			isa = XCConfigurationList;
			buildConfigurations = (
				2BB0236C1DE6F223005BE0F4 /* Debug */,
				2BB0236D1DE6F223005BE0F4 /* Release */,
			);
			defaultConfigurationIsVisible = 0;
			defaultConfigurationName = Release;
		};
/* End XCConfigurationList section */
	};
	rootObject = 2BB0235C1DE6F222005BE0F4 /* Project object */;
}
